
Microsoft Visual Studio Solution File, Format Version 12.00
# Visual Studio Version 17
VisualStudioVersion = 17.14.36811.4 d17.14
MinimumVisualStudioVersion = 10.0.40219.1
Project("{FAE04EC0-301F-11D3-BF4B-00C04F79EFBC}") = "Clock", "Clock\Clock.csproj", "{10B3F171-2BDD-46AF-9298-366B57B8ACE8}"
EndProject
Global
	GlobalSection(SolutionConfigurationPlatforms) = preSolution
		Debug|Any CPU = Debug|Any CPU
		Release|Any CPU = Release|Any CPU
	EndGlobalSection
	GlobalSection(ProjectConfigurationPlatforms) = postSolution
		{10B3F171-2BDD-46AF-9298-366B57B8ACE8}.Debug|Any CPU.ActiveCfg = Debug|Any CPU
		{10B3F171-2BDD-46AF-9298-366B57B8ACE8}.Debug|Any CPU.Build.0 = Debug|Any CPU
		{10B3F171-2BDD-46AF-9298-366B57B8ACE8}.Release|Any CPU.ActiveCfg = Release|Any CPU
		{10B3F171-2BDD-46AF-9298-366B57B8ACE8}.Release|Any CPU.Build.0 = Release|Any CPU
	EndGlobalSection
	GlobalSection(SolutionProperties) = preSolution
		HideSolutionNode = FALSE
	EndGlobalSection
	GlobalSection(ExtensibilityGlobals) = postSolution
		SolutionGuid = {C723EE7D-E24D-44A8-BADC-F59C372EFCA7}
	EndGlobalSection
EndGlobal
